
Microsoft Visual Studio Solution File, Format Version 12.00
# Visual Studio 15
VisualStudioVersion = 15.0.26430.14
MinimumVisualStudioVersion = 10.0.40219.1
Project("{9A19103F-16F7-4668-BE54-9A1E7A4F7556}") = "GridcoinDPOR", "src\GridcoinDPOR\GridcoinDPOR.csproj", "{61847DDD-8046-4E4F-A8DA-FC64C57BEBBB}"
EndProject
Project("{9A19103F-16F7-4668-BE54-9A1E7A4F7556}") = "GridcoinDPOR.Tests", "test\GridcoinDPOR.Tests\GridcoinDPOR.Tests.csproj", "{9CF384B1-6645-45E2-A96A-698B9AF37688}"
EndProject
Global
	GlobalSection(SolutionConfigurationPlatforms) = preSolution
		Debug|Any CPU = Debug|Any CPU
		Release|Any CPU = Release|Any CPU
	EndGlobalSection
	GlobalSection(ProjectConfigurationPlatforms) = postSolution
		{61847DDD-8046-4E4F-A8DA-FC64C57BEBBB}.Debug|Any CPU.ActiveCfg = Debug|Any CPU
		{61847DDD-8046-4E4F-A8DA-FC64C57BEBBB}.Debug|Any CPU.Build.0 = Debug|Any CPU
		{61847DDD-8046-4E4F-A8DA-FC64C57BEBBB}.Release|Any CPU.ActiveCfg = Release|Any CPU
		{61847DDD-8046-4E4F-A8DA-FC64C57BEBBB}.Release|Any CPU.Build.0 = Release|Any CPU
		{9CF384B1-6645-45E2-A96A-698B9AF37688}.Debug|Any CPU.ActiveCfg = Debug|Any CPU
		{9CF384B1-6645-45E2-A96A-698B9AF37688}.Debug|Any CPU.Build.0 = Debug|Any CPU
		{9CF384B1-6645-45E2-A96A-698B9AF37688}.Release|Any CPU.ActiveCfg = Release|Any CPU
		{9CF384B1-6645-45E2-A96A-698B9AF37688}.Release|Any CPU.Build.0 = Release|Any CPU
	EndGlobalSection
	GlobalSection(SolutionProperties) = preSolution
		HideSolutionNode = FALSE
	EndGlobalSection
EndGlobal
